
Microsoft Visual Studio Solution File, Format Version 12.00
# Visual Studio 2012
Project("{FAE04EC0-301F-11D3-BF4B-00C04F79EFBC}") = "osrepodbmgr.Gtk", "osrepodbmgr\osrepodbmgr.Gtk.csproj", "{19FB7436-031F-42B3-87F6-8508F63EDADA}"
EndProject
Project("{FAE04EC0-301F-11D3-BF4B-00C04F79EFBC}") = "DiscImageChef.Checksums", "DiscImageChef\DiscImageChef.Checksums\DiscImageChef.Checksums.csproj", "{CC48B324-A532-4A45-87A6-6F91F7141E8D}"
EndProject
Project("{FAE04EC0-301F-11D3-BF4B-00C04F79EFBC}") = "DiscImageChef.Helpers", "DiscImageChef\DiscImageChef.Helpers\DiscImageChef.Helpers.csproj", "{F8BDF57B-1571-4CD0-84B3-B422088D359A}"
EndProject
Project("{FAE04EC0-301F-11D3-BF4B-00C04F79EFBC}") = "DiscImageChef.Console", "DiscImageChef\DiscImageChef.Console\DiscImageChef.Console.csproj", "{CCAA7AFE-C094-4D82-A66D-630DE8A3F545}"
EndProject
Project("{FAE04EC0-301F-11D3-BF4B-00C04F79EFBC}") = "DiscImageChef.DiscImages", "DiscImageChef\DiscImageChef.DiscImages\DiscImageChef.DiscImages.csproj", "{74032CBC-339B-42F3-AF6F-E96C261F3E6A}"
EndProject
Project("{FAE04EC0-301F-11D3-BF4B-00C04F79EFBC}") = "DiscImageChef.Filesystems", "DiscImageChef\DiscImageChef.Filesystems\DiscImageChef.Filesystems.csproj", "{D7016DF2-5A5E-4524-B40D-BA2D59576688}"
EndProject
Project("{FAE04EC0-301F-11D3-BF4B-00C04F79EFBC}") = "DiscImageChef.Filters", "DiscImageChef\DiscImageChef.Filters\DiscImageChef.Filters.csproj", "{D571B8EF-903D-4353-BDD5-B834F9F029EF}"
EndProject
Project("{FAE04EC0-301F-11D3-BF4B-00C04F79EFBC}") = "DiscImageChef.Partitions", "DiscImageChef\DiscImageChef.Partitions\DiscImageChef.Partitions.csproj", "{DA7AB65D-B5BA-4003-8893-A51BB071BA2F}"
EndProject
Project("{FAE04EC0-301F-11D3-BF4B-00C04F79EFBC}") = "DiscImageChef.CommonTypes", "DiscImageChef\DiscImageChef.CommonTypes\DiscImageChef.CommonTypes.csproj", "{F2B84194-26EB-4227-B1C5-6602517E85AE}"
EndProject
Project("{FAE04EC0-301F-11D3-BF4B-00C04F79EFBC}") = "DiscImageChef.Decoders", "DiscImageChef\DiscImageChef.Decoders\DiscImageChef.Decoders.csproj", "{0BEB3088-B634-4289-AE17-CDF2D25D00D5}"
EndProject
Project("{FAE04EC0-301F-11D3-BF4B-00C04F79EFBC}") = "DiscImageChef.Metadata", "DiscImageChef\DiscImageChef.Metadata\DiscImageChef.Metadata.csproj", "{9F213318-5CB8-4066-A757-074489C9F818}"
EndProject
Project("{FAE04EC0-301F-11D3-BF4B-00C04F79EFBC}") = "osrepodbmgr.Core", "osrepodbmgr.Core\osrepodbmgr.Core.csproj", "{076D5C4D-9601-4164-B979-0DABACB56BB8}"
EndProject
Project("{FAE04EC0-301F-11D3-BF4B-00C04F79EFBC}") = "osrepodbmgr.Eto", "osrepodbmgr.Eto\osrepodbmgr.Eto.csproj", "{E805559F-89AE-47B4-926D-5B63A4F3A123}"
EndProject
Project("{FAE04EC0-301F-11D3-BF4B-00C04F79EFBC}") = "osrepodbmgr.Eto.Desktop", "osrepodbmgr.Eto.Desktop\osrepodbmgr.Eto.Desktop.csproj", "{DCC4B0CF-0F0D-4EDA-87CB-ED8303D07555}"
EndProject
Project("{FAE04EC0-301F-11D3-BF4B-00C04F79EFBC}") = "osrepodbmgr.Eto.XamMac2", "osrepodbmgr.Eto.XamMac2\osrepodbmgr.Eto.XamMac2.csproj", "{FE0C10AD-1C0D-490F-B1BF-9702A5B01074}"
EndProject
Global
	GlobalSection(SolutionConfigurationPlatforms) = preSolution
		Debug|x86 = Debug|x86
		Release|x86 = Release|x86
	EndGlobalSection
	GlobalSection(ProjectConfigurationPlatforms) = postSolution
		{19FB7436-031F-42B3-87F6-8508F63EDADA}.Debug|x86.ActiveCfg = Debug|x86
		{19FB7436-031F-42B3-87F6-8508F63EDADA}.Debug|x86.Build.0 = Debug|x86
		{19FB7436-031F-42B3-87F6-8508F63EDADA}.Release|x86.ActiveCfg = Release|x86
		{19FB7436-031F-42B3-87F6-8508F63EDADA}.Release|x86.Build.0 = Release|x86
		{CC48B324-A532-4A45-87A6-6F91F7141E8D}.Debug|x86.ActiveCfg = Debug|Any CPU
		{CC48B324-A532-4A45-87A6-6F91F7141E8D}.Debug|x86.Build.0 = Debug|Any CPU
		{CC48B324-A532-4A45-87A6-6F91F7141E8D}.Release|x86.ActiveCfg = Release|Any CPU
		{CC48B324-A532-4A45-87A6-6F91F7141E8D}.Release|x86.Build.0 = Release|Any CPU
		{F8BDF57B-1571-4CD0-84B3-B422088D359A}.Debug|x86.ActiveCfg = Debug|Any CPU
		{F8BDF57B-1571-4CD0-84B3-B422088D359A}.Debug|x86.Build.0 = Debug|Any CPU
		{F8BDF57B-1571-4CD0-84B3-B422088D359A}.Release|x86.ActiveCfg = Release|Any CPU
		{F8BDF57B-1571-4CD0-84B3-B422088D359A}.Release|x86.Build.0 = Release|Any CPU
		{CCAA7AFE-C094-4D82-A66D-630DE8A3F545}.Debug|x86.ActiveCfg = Debug|Any CPU
		{CCAA7AFE-C094-4D82-A66D-630DE8A3F545}.Debug|x86.Build.0 = Debug|Any CPU
		{CCAA7AFE-C094-4D82-A66D-630DE8A3F545}.Release|x86.ActiveCfg = Release|Any CPU
		{CCAA7AFE-C094-4D82-A66D-630DE8A3F545}.Release|x86.Build.0 = Release|Any CPU
		{74032CBC-339B-42F3-AF6F-E96C261F3E6A}.Debug|x86.ActiveCfg = Debug|Any CPU
		{74032CBC-339B-42F3-AF6F-E96C261F3E6A}.Debug|x86.Build.0 = Debug|Any CPU
		{74032CBC-339B-42F3-AF6F-E96C261F3E6A}.Release|x86.ActiveCfg = Release|Any CPU
		{74032CBC-339B-42F3-AF6F-E96C261F3E6A}.Release|x86.Build.0 = Release|Any CPU
		{D7016DF2-5A5E-4524-B40D-BA2D59576688}.Debug|x86.ActiveCfg = Debug|Any CPU
		{D7016DF2-5A5E-4524-B40D-BA2D59576688}.Debug|x86.Build.0 = Debug|Any CPU
		{D7016DF2-5A5E-4524-B40D-BA2D59576688}.Release|x86.ActiveCfg = Release|Any CPU
		{D7016DF2-5A5E-4524-B40D-BA2D59576688}.Release|x86.Build.0 = Release|Any CPU
		{D571B8EF-903D-4353-BDD5-B834F9F029EF}.Debug|x86.ActiveCfg = Debug|Any CPU
		{D571B8EF-903D-4353-BDD5-B834F9F029EF}.Debug|x86.Build.0 = Debug|Any CPU
		{D571B8EF-903D-4353-BDD5-B834F9F029EF}.Release|x86.ActiveCfg = Release|Any CPU
		{D571B8EF-903D-4353-BDD5-B834F9F029EF}.Release|x86.Build.0 = Release|Any CPU
		{DA7AB65D-B5BA-4003-8893-A51BB071BA2F}.Debug|x86.ActiveCfg = Debug|Any CPU
		{DA7AB65D-B5BA-4003-8893-A51BB071BA2F}.Debug|x86.Build.0 = Debug|Any CPU
		{DA7AB65D-B5BA-4003-8893-A51BB071BA2F}.Release|x86.ActiveCfg = Release|Any CPU
		{DA7AB65D-B5BA-4003-8893-A51BB071BA2F}.Release|x86.Build.0 = Release|Any CPU
		{F2B84194-26EB-4227-B1C5-6602517E85AE}.Debug|x86.ActiveCfg = Debug|Any CPU
		{F2B84194-26EB-4227-B1C5-6602517E85AE}.Debug|x86.Build.0 = Debug|Any CPU
		{F2B84194-26EB-4227-B1C5-6602517E85AE}.Release|x86.ActiveCfg = Release|Any CPU
		{F2B84194-26EB-4227-B1C5-6602517E85AE}.Release|x86.Build.0 = Release|Any CPU
		{0BEB3088-B634-4289-AE17-CDF2D25D00D5}.Debug|x86.ActiveCfg = Debug|Any CPU
		{0BEB3088-B634-4289-AE17-CDF2D25D00D5}.Debug|x86.Build.0 = Debug|Any CPU
		{0BEB3088-B634-4289-AE17-CDF2D25D00D5}.Release|x86.ActiveCfg = Release|Any CPU
		{0BEB3088-B634-4289-AE17-CDF2D25D00D5}.Release|x86.Build.0 = Release|Any CPU
		{9F213318-5CB8-4066-A757-074489C9F818}.Debug|x86.ActiveCfg = Debug|Any CPU
		{9F213318-5CB8-4066-A757-074489C9F818}.Debug|x86.Build.0 = Debug|Any CPU
		{9F213318-5CB8-4066-A757-074489C9F818}.Release|x86.ActiveCfg = Release|Any CPU
		{9F213318-5CB8-4066-A757-074489C9F818}.Release|x86.Build.0 = Release|Any CPU
		{076D5C4D-9601-4164-B979-0DABACB56BB8}.Debug|x86.ActiveCfg = Debug|Any CPU
		{076D5C4D-9601-4164-B979-0DABACB56BB8}.Debug|x86.Build.0 = Debug|Any CPU
		{076D5C4D-9601-4164-B979-0DABACB56BB8}.Release|x86.ActiveCfg = Release|Any CPU
		{076D5C4D-9601-4164-B979-0DABACB56BB8}.Release|x86.Build.0 = Release|Any CPU
		{E805559F-89AE-47B4-926D-5B63A4F3A123}.Debug|x86.ActiveCfg = Debug|Any CPU
		{E805559F-89AE-47B4-926D-5B63A4F3A123}.Debug|x86.Build.0 = Debug|Any CPU
		{E805559F-89AE-47B4-926D-5B63A4F3A123}.Release|x86.ActiveCfg = Release|Any CPU
		{E805559F-89AE-47B4-926D-5B63A4F3A123}.Release|x86.Build.0 = Release|Any CPU
		{DCC4B0CF-0F0D-4EDA-87CB-ED8303D07555}.Debug|x86.ActiveCfg = Debug|x86
		{DCC4B0CF-0F0D-4EDA-87CB-ED8303D07555}.Debug|x86.Build.0 = Debug|x86
		{DCC4B0CF-0F0D-4EDA-87CB-ED8303D07555}.Release|x86.ActiveCfg = Release|x86
		{DCC4B0CF-0F0D-4EDA-87CB-ED8303D07555}.Release|x86.Build.0 = Release|x86
		{FE0C10AD-1C0D-490F-B1BF-9702A5B01074}.Debug|x86.ActiveCfg = Debug|x86
		{FE0C10AD-1C0D-490F-B1BF-9702A5B01074}.Debug|x86.Build.0 = Debug|x86
		{FE0C10AD-1C0D-490F-B1BF-9702A5B01074}.Release|x86.ActiveCfg = Release|x86
		{FE0C10AD-1C0D-490F-B1BF-9702A5B01074}.Release|x86.Build.0 = Release|x86
	EndGlobalSection
	GlobalSection(MonoDevelopProperties) = preSolution
		Policies = $0
		$0.TextStylePolicy = $1
		$1.scope = text/x-csharp
		$1.TabsToSpaces = True
		$0.CSharpFormattingPolicy = $2
		$2.scope = text/x-csharp
		$0.ChangeLogPolicy = $3
		$3.UpdateMode = ProjectRoot
		$3.MessageStyle = $4
		$4.LastFilePostfix = "@:\n  "
		$4.IncludeDirectoryPaths = True
		$4.LineAlign = 2
	EndGlobalSection
EndGlobal
